
Microsoft Visual Studio Solution File, Format Version 12.00
# Visual Studio 14
VisualStudioVersion = 14.0.25123.0
MinimumVisualStudioVersion = 10.0.40219.1
Project("{FAE04EC0-301F-11D3-BF4B-00C04F79EFBC}") = "С5.2", "С5.2\С5.2.csproj", "{FB61664F-E396-44F9-82C7-1AAAC026508C}"
EndProject
Global
	GlobalSection(SolutionConfigurationPlatforms) = preSolution
		Debug|Any CPU = Debug|Any CPU
		Release|Any CPU = Release|Any CPU
	EndGlobalSection
	GlobalSection(ProjectConfigurationPlatforms) = postSolution
		{FB61664F-E396-44F9-82C7-1AAAC026508C}.Debug|Any CPU.ActiveCfg = Debug|Any CPU
		{FB61664F-E396-44F9-82C7-1AAAC026508C}.Debug|Any CPU.Build.0 = Debug|Any CPU
		{FB61664F-E396-44F9-82C7-1AAAC026508C}.Release|Any CPU.ActiveCfg = Release|Any CPU
		{FB61664F-E396-44F9-82C7-1AAAC026508C}.Release|Any CPU.Build.0 = Release|Any CPU
	EndGlobalSection
	GlobalSection(SolutionProperties) = preSolution
		HideSolutionNode = FALSE
	EndGlobalSection
EndGlobal
